
Microsoft Visual Studio Solution File, Format Version 12.00
# Visual Studio Version 17
VisualStudioVersion = 17.4.33110.190
MinimumVisualStudioVersion = 10.0.40219.1
Project("{FAE04EC0-301F-11D3-BF4B-00C04F79EFBC}") = "Tryitter", "Tryitter\Tryitter.csproj", "{92CE02ED-E440-4B66-B454-97D52F1AEE78}"
EndProject
Global
	GlobalSection(SolutionConfigurationPlatforms) = preSolution
		Debug|Any CPU = Debug|Any CPU
		Release|Any CPU = Release|Any CPU
	EndGlobalSection
	GlobalSection(ProjectConfigurationPlatforms) = postSolution
		{92CE02ED-E440-4B66-B454-97D52F1AEE78}.Debug|Any CPU.ActiveCfg = Debug|Any CPU
		{92CE02ED-E440-4B66-B454-97D52F1AEE78}.Debug|Any CPU.Build.0 = Debug|Any CPU
		{92CE02ED-E440-4B66-B454-97D52F1AEE78}.Release|Any CPU.ActiveCfg = Release|Any CPU
		{92CE02ED-E440-4B66-B454-97D52F1AEE78}.Release|Any CPU.Build.0 = Release|Any CPU
	EndGlobalSection
	GlobalSection(SolutionProperties) = preSolution
		HideSolutionNode = FALSE
	EndGlobalSection
	GlobalSection(ExtensibilityGlobals) = postSolution
		SolutionGuid = {89C4D5EC-CCBB-4BFE-83F9-A453C17230FE}
	EndGlobalSection
EndGlobal
